// !$*UTF8*$!
{
	archiveVersion = 1;
	classes = {
	};
	objectVersion = 46;
	objects = {

/* Begin PBXBuildFile section */
		3F4873B116DEB1B30082AF70 /* UIKit.framework in Frameworks */ = {isa = PBXBuildFile; fileRef = 3F4873B016DEB1B30082AF70 /* UIKit.framework */; };
		3F4873B316DEB1B30082AF70 /* Foundation.framework in Frameworks */ = {isa = PBXBuildFile; fileRef = 3F4873B216DEB1B30082AF70 /* Foundation.framework */; };
		3F4873B516DEB1B30082AF70 /* CoreGraphics.framework in Frameworks */ = {isa = PBXBuildFile; fileRef = 3F4873B416DEB1B30082AF70 /* CoreGraphics.framework */; };
		3F4873BB16DEB1B40082AF70 /* InfoPlist.strings in Resources */ = {isa = PBXBuildFile; fileRef = 3F4873B916DEB1B40082AF70 /* InfoPlist.strings */; };
		3F4873BD16DEB1B40082AF70 /* main.m in Sources */ = {isa = PBXBuildFile; fileRef = 3F4873BC16DEB1B40082AF70 /* main.m */; };
		3F4873C116DEB1B40082AF70 /* AppDelegate.m in Sources */ = {isa = PBXBuildFile; fileRef = 3F4873C016DEB1B40082AF70 /* AppDelegate.m */; };
		3F4873C316DEB1B40082AF70 /* Default.png in Resources */ = {isa = PBXBuildFile; fileRef = 3F4873C216DEB1B40082AF70 /* Default.png */; };
		3F4873C516DEB1B40082AF70 /* Default@2x.png in Resources */ = {isa = PBXBuildFile; fileRef = 3F4873C416DEB1B40082AF70 /* Default@2x.png */; };
		3F4873C716DEB1B40082AF70 /* Default-568h@2x.png in Resources */ = {isa = PBXBuildFile; fileRef = 3F4873C616DEB1B40082AF70 /* Default-568h@2x.png */; };
/* End PBXBuildFile section */

/* Begin PBXFileReference section */
		3F4873AD16DEB1B30082AF70 /* CJForm.app */ = {isa = PBXFileReference; explicitFileType = wrapper.application; includeInIndex = 0; path = CJForm.app; sourceTree = BUILT_PRODUCTS_DIR; };
		3F4873B016DEB1B30082AF70 /* UIKit.framework */ = {isa = PBXFileReference; lastKnownFileType = wrapper.framework; name = UIKit.framework; path = System/Library/Frameworks/UIKit.framework; sourceTree = SDKROOT; };
		3F4873B216DEB1B30082AF70 /* Foundation.framework */ = {isa = PBXFileReference; lastKnownFileType = wrapper.framework; name = Foundation.framework; path = System/Library/Frameworks/Foundation.framework; sourceTree = SDKROOT; };
		3F4873B416DEB1B30082AF70 /* CoreGraphics.framework */ = {isa = PBXFileReference; lastKnownFileType = wrapper.framework; name = CoreGraphics.framework; path = System/Library/Frameworks/CoreGraphics.framework; sourceTree = SDKROOT; };
		3F4873B816DEB1B30082AF70 /* CJForm-Info.plist */ = {isa = PBXFileReference; lastKnownFileType = text.plist.xml; path = "CJForm-Info.plist"; sourceTree = "<group>"; };
		3F4873BA16DEB1B40082AF70 /* en */ = {isa = PBXFileReference; lastKnownFileType = text.plist.strings; name = en; path = en.lproj/InfoPlist.strings; sourceTree = "<group>"; };
		3F4873BC16DEB1B40082AF70 /* main.m */ = {isa = PBXFileReference; lastKnownFileType = sourcecode.c.objc; path = main.m; sourceTree = "<group>"; };
		3F4873BE16DEB1B40082AF70 /* CJForm-Prefix.pch */ = {isa = PBXFileReference; lastKnownFileType = sourcecode.c.h; path = "CJForm-Prefix.pch"; sourceTree = "<group>"; };
		3F4873BF16DEB1B40082AF70 /* AppDelegate.h */ = {isa = PBXFileReference; lastKnownFileType = sourcecode.c.h; path = AppDelegate.h; sourceTree = "<group>"; };
		3F4873C016DEB1B40082AF70 /* AppDelegate.m */ = {isa = PBXFileReference; lastKnownFileType = sourcecode.c.objc; path = AppDelegate.m; sourceTree = "<group>"; };
		3F4873C216DEB1B40082AF70 /* Default.png */ = {isa = PBXFileReference; lastKnownFileType = image.png; path = Default.png; sourceTree = "<group>"; };
		3F4873C416DEB1B40082AF70 /* Default@2x.png */ = {isa = PBXFileReference; lastKnownFileType = image.png; path = "Default@2x.png"; sourceTree = "<group>"; };
		3F4873C616DEB1B40082AF70 /* Default-568h@2x.png */ = {isa = PBXFileReference; lastKnownFileType = image.png; path = "Default-568h@2x.png"; sourceTree = "<group>"; };
/* End PBXFileReference section */

/* Begin PBXFrameworksBuildPhase section */
		3F4873AA16DEB1B30082AF70 /* Frameworks */ = {
			isa = PBXFrameworksBuildPhase;
			buildActionMask = 2147483647;
			files = (
				3F4873B116DEB1B30082AF70 /* UIKit.framework in Frameworks */,
				3F4873B316DEB1B30082AF70 /* Foundation.framework in Frameworks */,
				3F4873B516DEB1B30082AF70 /* CoreGraphics.framework in Frameworks */,
			);
			runOnlyForDeploymentPostprocessing = 0;
		};
/* End PBXFrameworksBuildPhase section */

/* Begin PBXGroup section */
		3F4873A416DEB1B30082AF70 = {
			isa = PBXGroup;
			children = (
				3F4873B616DEB1B30082AF70 /* CJForm */,
				3F4873AF16DEB1B30082AF70 /* Frameworks */,
				3F4873AE16DEB1B30082AF70 /* Products */,
			);
			sourceTree = "<group>";
		};
		3F4873AE16DEB1B30082AF70 /* Products */ = {
			isa = PBXGroup;
			children = (
				3F4873AD16DEB1B30082AF70 /* CJForm.app */,
			);
			name = Products;
			sourceTree = "<group>";
		};
		3F4873AF16DEB1B30082AF70 /* Frameworks */ = {
			isa = PBXGroup;
			children = (
				3F4873B016DEB1B30082AF70 /* UIKit.framework */,
				3F4873B216DEB1B30082AF70 /* Foundation.framework */,
				3F4873B416DEB1B30082AF70 /* CoreGraphics.framework */,
			);
			name = Frameworks;
			sourceTree = "<group>";
		};
		3F4873B616DEB1B30082AF70 /* CJForm */ = {
			isa = PBXGroup;
			children = (
				3F4873BF16DEB1B40082AF70 /* AppDelegate.h */,
				3F4873C016DEB1B40082AF70 /* AppDelegate.m */,
				3F4873B716DEB1B30082AF70 /* Supporting Files */,
			);
			path = CJForm;
			sourceTree = "<group>";
		};
		3F4873B716DEB1B30082AF70 /* Supporting Files */ = {
			isa = PBXGroup;
			children = (
				3F4873B816DEB1B30082AF70 /* CJForm-Info.plist */,
				3F4873B916DEB1B40082AF70 /* InfoPlist.strings */,
				3F4873BC16DEB1B40082AF70 /* main.m */,
				3F4873BE16DEB1B40082AF70 /* CJForm-Prefix.pch */,
				3F4873C216DEB1B40082AF70 /* Default.png */,
				3F4873C416DEB1B40082AF70 /* Default@2x.png */,
				3F4873C616DEB1B40082AF70 /* Default-568h@2x.png */,
			);
			name = "Supporting Files";
			sourceTree = "<group>";
		};
/* End PBXGroup section */

/* Begin PBXNativeTarget section */
		3F4873AC16DEB1B30082AF70 /* CJForm */ = {
			isa = PBXNativeTarget;
			buildConfigurationList = 3F4873CA16DEB1B40082AF70 /* Build configuration list for PBXNativeTarget "CJForm" */;
			buildPhases = (
				3F4873A916DEB1B30082AF70 /* Sources */,
				3F4873AA16DEB1B30082AF70 /* Frameworks */,
				3F4873AB16DEB1B30082AF70 /* Resources */,
			);
			buildRules = (
			);
			dependencies = (
			);
			name = CJForm;
			productName = CJForm;
			productReference = 3F4873AD16DEB1B30082AF70 /* CJForm.app */;
			productType = "com.apple.product-type.application";
		};
/* End PBXNativeTarget section */

/* Begin PBXProject section */
		3F4873A516DEB1B30082AF70 /* Project object */ = {
			isa = PBXProject;
			attributes = {
				LastUpgradeCheck = 0460;
				ORGANIZATIONNAME = chaufourier;
			};
			buildConfigurationList = 3F4873A816DEB1B30082AF70 /* Build configuration list for PBXProject "CJForm" */;
			compatibilityVersion = "Xcode 3.2";
			developmentRegion = English;
			hasScannedForEncodings = 0;
			knownRegions = (
				en,
			);
			mainGroup = 3F4873A416DEB1B30082AF70;
			productRefGroup = 3F4873AE16DEB1B30082AF70 /* Products */;
			projectDirPath = "";
			projectRoot = "";
			targets = (
				3F4873AC16DEB1B30082AF70 /* CJForm */,
			);
		};
/* End PBXProject section */

/* Begin PBXResourcesBuildPhase section */
		3F4873AB16DEB1B30082AF70 /* Resources */ = {
			isa = PBXResourcesBuildPhase;
			buildActionMask = 2147483647;
			files = (
				3F4873BB16DEB1B40082AF70 /* InfoPlist.strings in Resources */,
				3F4873C316DEB1B40082AF70 /* Default.png in Resources */,
				3F4873C516DEB1B40082AF70 /* Default@2x.png in Resources */,
				3F4873C716DEB1B40082AF70 /* Default-568h@2x.png in Resources */,
			);
			runOnlyForDeploymentPostprocessing = 0;
		};
/* End PBXResourcesBuildPhase section */

/* Begin PBXSourcesBuildPhase section */
		3F4873A916DEB1B30082AF70 /* Sources */ = {
			isa = PBXSourcesBuildPhase;
			buildActionMask = 2147483647;
			files = (
				3F4873BD16DEB1B40082AF70 /* main.m in Sources */,
				3F4873C116DEB1B40082AF70 /* AppDelegate.m in Sources */,
			);
			runOnlyForDeploymentPostprocessing = 0;
		};
/* End PBXSourcesBuildPhase section */

/* Begin PBXVariantGroup section */
		3F4873B916DEB1B40082AF70 /* InfoPlist.strings */ = {
			isa = PBXVariantGroup;
			children = (
				3F4873BA16DEB1B40082AF70 /* en */,
			);
			name = InfoPlist.strings;
			sourceTree = "<group>";
		};
/* End PBXVariantGroup section */

/* Begin XCBuildConfiguration section */
		3F4873C816DEB1B40082AF70 /* Debug */ = {
			isa = XCBuildConfiguration;
			buildSettings = {
				ALWAYS_SEARCH_USER_PATHS = NO;
				CLANG_CXX_LANGUAGE_STANDARD = "gnu++0x";
				CLANG_CXX_LIBRARY = "libc++";
				CLANG_ENABLE_OBJC_ARC = YES;
				CLANG_WARN_CONSTANT_CONVERSION = YES;
				CLANG_WARN_EMPTY_BODY = YES;
				CLANG_WARN_ENUM_CONVERSION = YES;
				CLANG_WARN_INT_CONVERSION = YES;
				CLANG_WARN__DUPLICATE_METHOD_MATCH = YES;
				"CODE_SIGN_IDENTITY[sdk=iphoneos*]" = "iPhone Developer";
				COPY_PHASE_STRIP = NO;
				GCC_C_LANGUAGE_STANDARD = gnu99;
				GCC_DYNAMIC_NO_PIC = NO;
				GCC_OPTIMIZATION_LEVEL = 0;
				GCC_PREPROCESSOR_DEFINITIONS = (
					"DEBUG=1",
					"$(inherited)",
				);
				GCC_SYMBOLS_PRIVATE_EXTERN = NO;
				GCC_WARN_ABOUT_RETURN_TYPE = YES;
				GCC_WARN_UNINITIALIZED_AUTOS = YES;
				GCC_WARN_UNUSED_VARIABLE = YES;
				IPHONEOS_DEPLOYMENT_TARGET = 6.1;
				ONLY_ACTIVE_ARCH = YES;
				SDKROOT = iphoneos;
				TARGETED_DEVICE_FAMILY = "1,2";
			};
			name = Debug;
		};
		3F4873C916DEB1B40082AF70 /* Release */ = {
			isa = XCBuildConfiguration;
			buildSettings = {
				ALWAYS_SEARCH_USER_PATHS = NO;
				CLANG_CXX_LANGUAGE_STANDARD = "gnu++0x";
				CLANG_CXX_LIBRARY = "libc++";
				CLANG_ENABLE_OBJC_ARC = YES;
				CLANG_WARN_CONSTANT_CONVERSION = YES;
				CLANG_WARN_EMPTY_BODY = YES;
				CLANG_WARN_ENUM_CONVERSION = YES;
				CLANG_WARN_INT_CONVERSION = YES;
				CLANG_WARN__DUPLICATE_METHOD_MATCH = YES;
				"CODE_SIGN_IDENTITY[sdk=iphoneos*]" = "iPhone Developer";
				COPY_PHASE_STRIP = YES;
				GCC_C_LANGUAGE_STANDARD = gnu99;
				GCC_WARN_ABOUT_RETURN_TYPE = YES;
				GCC_WARN_UNINITIALIZED_AUTOS = YES;
				GCC_WARN_UNUSED_VARIABLE = YES;
				IPHONEOS_DEPLOYMENT_TARGET = 6.1;
				OTHER_CFLAGS = "-DNS_BLOCK_ASSERTIONS=1";
				SDKROOT = iphoneos;
				TARGETED_DEVICE_FAMILY = "1,2";
				VALIDATE_PRODUCT = YES;
			};
			name = Release;
		};
		3F4873CB16DEB1B40082AF70 /* Debug */ = {
			isa = XCBuildConfiguration;
			buildSettings = {
				GCC_PRECOMPILE_PREFIX_HEADER = YES;
				GCC_PREFIX_HEADER = "CJForm/CJForm-Prefix.pch";
				INFOPLIST_FILE = "CJForm/CJForm-Info.plist";
				PRODUCT_NAME = "$(TARGET_NAME)";
				WRAPPER_EXTENSION = app;
			};
			name = Debug;
		};
		3F4873CC16DEB1B40082AF70 /* Release */ = {
			isa = XCBuildConfiguration;
			buildSettings = {
				GCC_PRECOMPILE_PREFIX_HEADER = YES;
				GCC_PREFIX_HEADER = "CJForm/CJForm-Prefix.pch";
				INFOPLIST_FILE = "CJForm/CJForm-Info.plist";
				PRODUCT_NAME = "$(TARGET_NAME)";
				WRAPPER_EXTENSION = app;
			};
			name = Release;
		};
/* End XCBuildConfiguration section */

/* Begin XCConfigurationList section */
		3F4873A816DEB1B30082AF70 /* Build configuration list for PBXProject "CJForm" */ = {
			isa = XCConfigurationList;
			buildConfigurations = (
				3F4873C816DEB1B40082AF70 /* Debug */,
				3F4873C916DEB1B40082AF70 /* Release */,
			);
			defaultConfigurationIsVisible = 0;
			defaultConfigurationName = Release;
		};
		3F4873CA16DEB1B40082AF70 /* Build configuration list for PBXNativeTarget "CJForm" */ = {
			isa = XCConfigurationList;
			buildConfigurations = (
				3F4873CB16DEB1B40082AF70 /* Debug */,
				3F4873CC16DEB1B40082AF70 /* Release */,
			);
			defaultConfigurationIsVisible = 0;
		};
/* End XCConfigurationList section */
	};
	rootObject = 3F4873A516DEB1B30082AF70 /* Project object */;
}
